
Microsoft Visual Studio Solution File, Format Version 12.00
# Visual Studio Version 16
VisualStudioVersion = 16.0.33423.256
MinimumVisualStudioVersion = 10.0.40219.1
Project("{FAE04EC0-301F-11D3-BF4B-00C04F79EFBC}") = "CapaVista", "CapaVista\CapaVista.csproj", "{431A0BB0-B60E-4E97-80F1-ADB989E1237B}"
EndProject
Project("{FAE04EC0-301F-11D3-BF4B-00C04F79EFBC}") = "CapaModelo", "CapaModelo\CapaModelo.csproj", "{77004248-9F6F-48EF-9C7A-F5EF627A8462}"
EndProject
Project("{FAE04EC0-301F-11D3-BF4B-00C04F79EFBC}") = "CapaControlador", "CapaControlador\CapaControlador.csproj", "{0272CE9A-1FFC-40C7-A910-C8173BBE5299}"
EndProject
Global
	GlobalSection(SolutionConfigurationPlatforms) = preSolution
		Debug|Any CPU = Debug|Any CPU
		Release|Any CPU = Release|Any CPU
	EndGlobalSection
	GlobalSection(ProjectConfigurationPlatforms) = postSolution
		{431A0BB0-B60E-4E97-80F1-ADB989E1237B}.Debug|Any CPU.ActiveCfg = Debug|Any CPU
		{431A0BB0-B60E-4E97-80F1-ADB989E1237B}.Debug|Any CPU.Build.0 = Debug|Any CPU
		{431A0BB0-B60E-4E97-80F1-ADB989E1237B}.Release|Any CPU.ActiveCfg = Release|Any CPU
		{431A0BB0-B60E-4E97-80F1-ADB989E1237B}.Release|Any CPU.Build.0 = Release|Any CPU
		{77004248-9F6F-48EF-9C7A-F5EF627A8462}.Debug|Any CPU.ActiveCfg = Debug|Any CPU
		{77004248-9F6F-48EF-9C7A-F5EF627A8462}.Debug|Any CPU.Build.0 = Debug|Any CPU
		{77004248-9F6F-48EF-9C7A-F5EF627A8462}.Release|Any CPU.ActiveCfg = Release|Any CPU
		{77004248-9F6F-48EF-9C7A-F5EF627A8462}.Release|Any CPU.Build.0 = Release|Any CPU
		{0272CE9A-1FFC-40C7-A910-C8173BBE5299}.Debug|Any CPU.ActiveCfg = Debug|Any CPU
		{0272CE9A-1FFC-40C7-A910-C8173BBE5299}.Debug|Any CPU.Build.0 = Debug|Any CPU
		{0272CE9A-1FFC-40C7-A910-C8173BBE5299}.Release|Any CPU.ActiveCfg = Release|Any CPU
		{0272CE9A-1FFC-40C7-A910-C8173BBE5299}.Release|Any CPU.Build.0 = Release|Any CPU
	EndGlobalSection
	GlobalSection(SolutionProperties) = preSolution
		HideSolutionNode = FALSE
	EndGlobalSection
	GlobalSection(ExtensibilityGlobals) = postSolution
		SolutionGuid = {ED1CB067-4E3A-4591-9577-51D4582C0C3E}
	EndGlobalSection
EndGlobal
